version = 1
revision = 3
requires-python = ">=3.12"
resolution-markers = [
    "sys_platform != 'ios'",
    "sys_platform == 'ios'",
    "python_version < '0'",
]

[[package]]
name = "click"
version = "8.3.2"
source = { registry = "https://pypi.org/simple" }
dependencies = [
    { name = "colorama", marker = "sys_platform == 'win32'" },
]
sdist = { url = "https://files.pythonhosted.org/packages/57/75/31212c6bf2503fdf920d87fee5d7a86a2e3bcf444984126f13d8e4016804/click-8.3.2.tar.gz", hash = "sha256:14162b8b3b3550a7d479eafa77dfd3c38d9dc8951f6f69c78913a8f9a7540fd5", size = 302856, upload-time = "2026-04-03T19:14:45.118Z" }
wheels = [
    { url = "https://files.pythonhosted.org/packages/e4/20/71885d8b97d4f3dde17b1fdb92dbd4908b00541c5a3379787137285f602e/click-8.3.2-py3-none-any.whl", hash = "sha256:1924d2c27c5653561cd2cae4548d1406039cb79b858b747cfea24924bbc1616d", size = 108379, upload-time = "2026-04-03T19:14:43.505Z" },
]

[[package]]
name = "colorama"
version = "0.4.6"
source = { registry = "https://pypi.org/simple" }
sdist = { url = "https://files.pythonhosted.org/packages/d8/53/6f443c9a4a8358a93a6792e2acffb9d9d5cb0a5cfd8802644b7b1c9a02e4/colorama-0.4.6.tar.gz", hash = "sha256:08695f5cb7ed6e0531a20572697297273c47b8cae5a63ffc6d6ed5c201be6e44", size = 27697, upload-time = "2022-10-25T02:36:22.414Z" }
wheels = [
    { url = "https://files.pythonhosted.org/packages/d1/d6/3965ed04c63042e047cb6a3e6ed1a63a35087b6a609aa3a15ed8ac56c221/colorama-0.4.6-py2.py3-none-any.whl", hash = "sha256:4f1d9991f5acc0ca119f9d443620b77f9d6b33703e51011c16baf57afb285fc6", size = 25335, upload-time = "2022-10-25T02:36:20.889Z" },
]

[[package]]
name = "openrc-dbus-launch"
source = { editable = "." }
dependencies = [
    { name = "click" },
    { name = "prompt-toolkit" },
    { name = "pyrefly" },
]

[package.dev-dependencies]
dev = [
    { name = "prek" },
    { name = "pyrefly" },
    { name = "ruff" },
]

[package.metadata]
requires-dist = [
    { name = "click", specifier = ">=8.3.2" },
    { name = "prompt-toolkit", specifier = ">=3.0.52" },
    { name = "pyrefly", specifier = ">=0.61.0" },
]

[package.metadata.requires-dev]
dev = [
    { name = "prek", specifier = ">=0.3.9" },
    { name = "pyrefly", specifier = ">=0.61.0" },
    { name = "ruff", specifier = ">=0.15.10" },
]

[[package]]
name = "prek"
version = "0.3.9"
source = { registry = "https://pypi.org/simple" }
sdist = { url = "https://files.pythonhosted.org/packages/15/ff/5b7a2a9c4fa3dd2ffc8b13a9ec22aa550deda5b39ab273f8e02863b12642/prek-0.3.9.tar.gz", hash = "sha256:f82b92d81f42f1f90a47f5fbbf492373e25ef1f790080215b2722dd6da66510e", size = 423801, upload-time = "2026-04-13T12:30:38.191Z" }
wheels = [
    { url = "https://files.pythonhosted.org/packages/3c/08/c11a6b7834b461223763b6b1552f32c9199393685d52d555de621e900ee7/prek-0.3.9-py3-none-linux_armv6l.whl", hash = "sha256:3ed793d51bfaa27bddb64d525d7acb77a7c8644f549412d82252e3eb0b88aad8", size = 5337784, upload-time = "2026-04-13T12:30:46.044Z" },
    { url = "https://files.pythonhosted.org/packages/15/d9/974b02832a645c6411069c713e3191ce807f9962006da108e4727efd2fa1/prek-0.3.9-py3-none-macosx_10_12_x86_64.whl", hash = "sha256:399c58400c0bd0b82a93a3c09dc1bfd88d8d0cfb242d414d2ed247187b06ead1", size = 5713864, upload-time = "2026-04-13T12:30:27.007Z" },
    { url = "https://files.pythonhosted.org/packages/40/e1/4ed14bef15eb30039a75177b0807ac007095a5a110284706ccf900a8d512/prek-0.3.9-py3-none-macosx_11_0_arm64.whl", hash = "sha256:e2ea1ffb124e92f081b8e2ca5b5a623a733efb3be0c5b1f4b7ffe2ee17d1f20c", size = 5290437, upload-time = "2026-04-13T12:30:30.658Z" },
    { url = "https://files.pythonhosted.org/packages/67/80/d5c3015e9da161dede566bfeef41f098f92470613157daa4f7377ab08d58/prek-0.3.9-py3-none-manylinux_2_17_aarch64.manylinux2014_aarch64.musllinux_1_1_aarch64.whl", hash = "sha256:aaf639f95b7301639298311d8d44aad0d0b4864e9736083ad3c71ce9765d37ab", size = 5536208, upload-time = "2026-04-13T12:30:47.964Z" },
    { url = "https://files.pythonhosted.org/packages/c8/54/8cdc5eb1018437d7828740defd322e7a96459c02fc8961160c4120325313/prek-0.3.9-py3-none-manylinux_2_17_armv7l.manylinux2014_armv7l.whl", hash = "sha256:ff104863b187fa443ea8451ca55d51e2c6e94f99f00d88784b5c3c4c623f1ebe", size = 5251785, upload-time = "2026-04-13T12:30:39.78Z" },
    { url = "https://files.pythonhosted.org/packages/bd/e2/a5fc35a0fd3167224a000ca1b6235ecbdea0ac77e24af5979a75b0e6b5a4/prek-0.3.9-py3-none-manylinux_2_17_i686.manylinux2014_i686.whl", hash = "sha256:039ecaf87c63a3e67cca645ebd5bc5eb6aafa6c9d929e9a27b2921e7849d7ef9", size = 5668548, upload-time = "2026-04-13T12:30:24.914Z" },
    { url = "https://files.pythonhosted.org/packages/09/e8/a189ee79f401c259f66f8af587f899d4d5bfb04e0ca371bfd01e49871007/prek-0.3.9-py3-none-manylinux_2_17_s390x.manylinux2014_s390x.whl", hash = "sha256:3bde2a3d045705095983c7f78ba04f72a7565fe1c2b4e85f5628502a254754ff", size = 6660927, upload-time = "2026-04-13T12:30:44.495Z" },
    { url = "https://files.pythonhosted.org/packages/a4/5a/54117316e98ff62a14911ad1488a3a0945530242a2ce3e92f7a40b6ccc02/prek-0.3.9-py3-none-manylinux_2_17_x86_64.manylinux2014_x86_64.whl", hash = "sha256:28a0960a21543563e2c8e19aaad176cc8423a87aac3c914d0f313030d7a9244a", size = 5932244, upload-time = "2026-04-13T12:30:49.532Z" },
    { url = "https://files.pythonhosted.org/packages/a7/f9/e88d4361f59be7adeeb3a8a3819d69d286d86fe6f7606840af6734362675/prek-0.3.9-py3-none-manylinux_2_28_aarch64.whl", hash = "sha256:0dfb5d5171d7523271909246ee306b4dc3d5b63752e7dd7c7e8a8908fc9490d1", size = 5542139, upload-time = "2026-04-13T12:30:41.266Z" },
    { url = "https://files.pythonhosted.org/packages/11/1f/204837115087bb8d063bda754a7fe975428c5d5b6548c30dd749f8ab85d4/prek-0.3.9-py3-none-manylinux_2_31_riscv64.whl", hash = "sha256:82b791bd36c1430c84d3ae7220a85152babc7eaf00f70adcb961bd594e756ba3", size = 5392519, upload-time = "2026-04-13T12:30:32.603Z" },
    { url = "https://files.pythonhosted.org/packages/bd/00/de57b5795e670b6d38e7eda6d9ac6fd6d757ca22f725e5054b042104cd53/prek-0.3.9-py3-none-musllinux_1_1_armv7l.whl", hash = "sha256:6eac6d2f736b041118f053a1487abed468a70dd85a8688eaf87bb42d3dcecf20", size = 5222780, upload-time = "2026-04-13T12:30:36.576Z" },
    { url = "https://files.pythonhosted.org/packages/f5/14/0bc055c305d92980b151f2ec00c14d28fe94c6d51180ca07fded28771cbf/prek-0.3.9-py3-none-musllinux_1_1_i686.whl", hash = "sha256:5517e46e761367a3759b3168eabc120840ffbca9dfbc53187167298a98f87dc4", size = 5524310, upload-time = "2026-04-13T12:30:34.469Z" },
    { url = "https://files.pythonhosted.org/packages/b9/d1/eebc2b69be0de36cd84adbe0a0710f4deb468a90e30525be027d6db02d54/prek-0.3.9-py3-none-musllinux_1_1_x86_64.whl", hash = "sha256:92024778cf78683ca32687bb249ab6a7d5c33887b5ee1d1a9f6d0c14228f4cf3", size = 6043751, upload-time = "2026-04-13T12:30:29.101Z" },
    { url = "https://files.pythonhosted.org/packages/46/cb/be98c04e702cbc0b0328cd745ff4634ace69ad5a84461bde36f88a7be873/prek-0.3.9-py3-none-win32.whl", hash = "sha256:7f89c55e5f480f5d073769e319924ad69d4bf9f98c5cb46a83082e26e634c958", size = 5045940, upload-time = "2026-04-13T12:30:42.882Z" },
    { url = "https://files.pythonhosted.org/packages/a6/b6/b51771d69f6282e34edeb73f23d956da34f2cabbb5ba16ba175cc0a056f9/prek-0.3.9-py3-none-win_amd64.whl", hash = "sha256:7722f3372eaa83b147e70a43cb7b9fe2128c13d0c78d8a1cdbf2a8ec2ee071eb", size = 5435204, upload-time = "2026-04-13T12:30:51.482Z" },
    { url = "https://files.pythonhosted.org/packages/30/8a/f8a87c15b095460eccd67c8d89a086b7a37aac8d363f89544b8ce6ec653d/prek-0.3.9-py3-none-win_arm64.whl", hash = "sha256:0bced6278d6cc8a4b46048979e36bc9da034611dc8facd77ab123177b833a929", size = 5279552, upload-time = "2026-04-13T12:30:53.011Z" },
]

[[package]]
name = "prompt-toolkit"
version = "3.0.52"
source = { registry = "https://pypi.org/simple" }
dependencies = [
    { name = "wcwidth" },
]
sdist = { url = "https://files.pythonhosted.org/packages/a1/96/06e01a7b38dce6fe1db213e061a4602dd6032a8a97ef6c1a862537732421/prompt_toolkit-3.0.52.tar.gz", hash = "sha256:28cde192929c8e7321de85de1ddbe736f1375148b02f2e17edd840042b1be855", size = 434198, upload-time = "2025-08-27T15:24:02.057Z" }
wheels = [
    { url = "https://files.pythonhosted.org/packages/84/03/0d3ce49e2505ae70cf43bc5bb3033955d2fc9f932163e84dc0779cc47f48/prompt_toolkit-3.0.52-py3-none-any.whl", hash = "sha256:9aac639a3bbd33284347de5ad8d68ecc044b91a762dc39b7c21095fcd6a19955", size = 391431, upload-time = "2025-08-27T15:23:59.498Z" },
]

[[package]]
name = "pyrefly"
version = "0.61.0"
source = { registry = "https://pypi.org/simple" }
sdist = { url = "https://files.pythonhosted.org/packages/a4/d3/a4a14b7235eebc3d41885b604bc05bf85d1972eb39bf5ff223fc6af7da93/pyrefly-0.61.0.tar.gz", hash = "sha256:f2d24a186a21eec0699f297801399c40b39057b5f6dd39f03ae117c6e978d192", size = 5520984, upload-time = "2026-04-13T20:06:30.809Z" }
wheels = [
    { url = "https://files.pythonhosted.org/packages/a8/35/6f5cce9a13eea0c5f69461adbd430590ae7b187dfbd0bf8524ea5608b943/pyrefly-0.61.0-py3-none-macosx_10_12_x86_64.whl", hash = "sha256:0e7b0f42f1cc4ef0532be580c70a4eaf259a66a2eb6195b73cd092f7dd7145bd", size = 12936110, upload-time = "2026-04-13T20:05:58.897Z" },
    { url = "https://files.pythonhosted.org/packages/a7/c2/b94e1b02aaafef2e18fb30ff23655dc6ed8a1b8ffb38cc827b9471d65bba/pyrefly-0.61.0-py3-none-macosx_11_0_arm64.whl", hash = "sha256:93b4a91d3d6dc86315e8dada20d01f3c38e4974d536461e1998c74f3458c3648", size = 12448587, upload-time = "2026-04-13T20:06:01.852Z" },
    { url = "https://files.pythonhosted.org/packages/19/de/2f42822721cffd2ce9cb33a91770bb3c560564ca34671a38a43b77b3fbf3/pyrefly-0.61.0-py3-none-manylinux_2_17_aarch64.manylinux2014_aarch64.whl", hash = "sha256:604e6b136fe24f109354c6092c8a8aa292b76012f13a4a069cf4639ee063bd48", size = 35982618, upload-time = "2026-04-13T20:06:05.689Z" },
    { url = "https://files.pythonhosted.org/packages/47/9c/736a8cd78a907c89651f57534249e56228d69508631d146e088cd69773bc/pyrefly-0.61.0-py3-none-manylinux_2_17_i686.manylinux2014_i686.whl", hash = "sha256:4819aadd266f2118e4d98ce36c06c137f8f05dc8208800f71493815d48a556a7", size = 38717221, upload-time = "2026-04-13T20:06:10.115Z" },
    { url = "https://files.pythonhosted.org/packages/e9/19/c266e4e477369270e47bfaba64e51acee1ddc04e47820b0606315ecbd45e/pyrefly-0.61.0-py3-none-manylinux_2_17_ppc64le.manylinux2014_ppc64le.whl", hash = "sha256:b52d5e0b354984b51416e1d1a03dc7756ca0bd3e4144fce138ffbf6fab94e2ca", size = 36949337, upload-time = "2026-04-13T20:06:14.185Z" },
    { url = "https://files.pythonhosted.org/packages/3d/4e/c0373dac94e1c2e99821bbc3179ff9b1cc4428a2bfbe1ca4486453f9ba1d/pyrefly-0.61.0-py3-none-manylinux_2_17_x86_64.manylinux2014_x86_64.whl", hash = "sha256:6cee7fc901bec4b21c451419245479645abfabb708f59a51503c24904c0bb064", size = 41499964, upload-time = "2026-04-13T20:06:18.934Z" },
    { url = "https://files.pythonhosted.org/packages/1b/19/4cd9de5c4c9ad4e28bbc00e287a156496cc306ac9e2d06b4a57a12c538b5/pyrefly-0.61.0-py3-none-win32.whl", hash = "sha256:781a78b8e81c36d140cf69a6b6adfa7164832062bdc2f7e3ded07f957b0da54d", size = 11934028, upload-time = "2026-04-13T20:06:22.102Z" },
    { url = "https://files.pythonhosted.org/packages/25/df/44a65efe85fca51fa35fe80357d09ab900c5e6aa55b59fdf25340fe93b26/pyrefly-0.61.0-py3-none-win_amd64.whl", hash = "sha256:84bd09523e0e07255c5badb251a825bc4ea0ef9646b476091a2e329078f88275", size = 12759334, upload-time = "2026-04-13T20:06:25.101Z" },
    { url = "https://files.pythonhosted.org/packages/1b/8a/f175f0df6d0a779ce2305bd8077d45ea7aa205e0db6f9e20506d3fba5552/pyrefly-0.61.0-py3-none-win_arm64.whl", hash = "sha256:33f81a47291798c36d3e708229d02e87907e834f403209eb5da9e86844eb3f82", size = 12262692, upload-time = "2026-04-13T20:06:27.891Z" },
]

[[package]]
name = "ruff"
version = "0.15.10"
source = { registry = "https://pypi.org/simple" }
sdist = { url = "https://files.pythonhosted.org/packages/e7/d9/aa3f7d59a10ef6b14fe3431706f854dbf03c5976be614a9796d36326810c/ruff-0.15.10.tar.gz", hash = "sha256:d1f86e67ebfdef88e00faefa1552b5e510e1d35f3be7d423dc7e84e63788c94e", size = 4631728, upload-time = "2026-04-09T14:06:09.884Z" }
wheels = [
    { url = "https://files.pythonhosted.org/packages/eb/00/a1c2fdc9939b2c03691edbda290afcd297f1f389196172826b03d6b6a595/ruff-0.15.10-py3-none-linux_armv6l.whl", hash = "sha256:0744e31482f8f7d0d10a11fcbf897af272fefdfcb10f5af907b18c2813ff4d5f", size = 10563362, upload-time = "2026-04-09T14:06:21.189Z" },
    { url = "https://files.pythonhosted.org/packages/5c/15/006990029aea0bebe9d33c73c3e28c80c391ebdba408d1b08496f00d422d/ruff-0.15.10-py3-none-macosx_10_12_x86_64.whl", hash = "sha256:b1e7c16ea0ff5a53b7c2df52d947e685973049be1cdfe2b59a9c43601897b22e", size = 10951122, upload-time = "2026-04-09T14:06:02.236Z" },
    { url = "https://files.pythonhosted.org/packages/f2/c0/4ac978fe874d0618c7da647862afe697b281c2806f13ce904ad652fa87e4/ruff-0.15.10-py3-none-macosx_11_0_arm64.whl", hash = "sha256:93cc06a19e5155b4441dd72808fdf84290d84ad8a39ca3b0f994363ade4cebb1", size = 10314005, upload-time = "2026-04-09T14:06:00.026Z" },
    { url = "https://files.pythonhosted.org/packages/da/73/c209138a5c98c0d321266372fc4e33ad43d506d7e5dd817dd89b60a8548f/ruff-0.15.10-py3-none-manylinux_2_17_aarch64.manylinux2014_aarch64.whl", hash = "sha256:83e1dd04312997c99ea6965df66a14fb4f03ba978564574ffc68b0d61fd3989e", size = 10643450, upload-time = "2026-04-09T14:05:42.137Z" },
    { url = "https://files.pythonhosted.org/packages/ec/76/0deec355d8ec10709653635b1f90856735302cb8e149acfdf6f82a5feb70/ruff-0.15.10-py3-none-manylinux_2_17_armv7l.manylinux2014_armv7l.whl", hash = "sha256:8154d43684e4333360fedd11aaa40b1b08a4e37d8ffa9d95fee6fa5b37b6fab1", size = 10379597, upload-time = "2026-04-09T14:05:49.984Z" },
    { url = "https://files.pythonhosted.org/packages/dc/be/86bba8fc8798c081e28a4b3bb6d143ccad3fd5f6f024f02002b8f08a9fa3/ruff-0.15.10-py3-none-manylinux_2_17_i686.manylinux2014_i686.whl", hash = "sha256:8ab88715f3a6deb6bde6c227f3a123410bec7b855c3ae331b4c006189e895cef", size = 11146645, upload-time = "2026-04-09T14:06:12.246Z" },
    { url = "https://files.pythonhosted.org/packages/a8/89/140025e65911b281c57be1d385ba1d932c2366ca88ae6663685aed8d4881/ruff-0.15.10-py3-none-manylinux_2_17_ppc64le.manylinux2014_ppc64le.whl", hash = "sha256:a768ff5969b4f44c349d48edf4ab4f91eddb27fd9d77799598e130fb628aa158", size = 12030289, upload-time = "2026-04-09T14:06:04.776Z" },
    { url = "https://files.pythonhosted.org/packages/88/de/ddacca9545a5e01332567db01d44bd8cf725f2db3b3d61a80550b48308ea/ruff-0.15.10-py3-none-manylinux_2_17_s390x.manylinux2014_s390x.whl", hash = "sha256:0ee3ef42dab7078bda5ff6a1bcba8539e9857deb447132ad5566a038674540d0", size = 11496266, upload-time = "2026-04-09T14:05:55.485Z" },
    { url = "https://files.pythonhosted.org/packages/bc/bb/7ddb00a83760ff4a83c4e2fc231fd63937cc7317c10c82f583302e0f6586/ruff-0.15.10-py3-none-manylinux_2_17_x86_64.manylinux2014_x86_64.whl", hash = "sha256:51cb8cc943e891ba99989dd92d61e29b1d231e14811db9be6440ecf25d5c1609", size = 11256418, upload-time = "2026-04-09T14:05:57.69Z" },
    { url = "https://files.pythonhosted.org/packages/dc/8d/55de0d35aacf6cd50b6ee91ee0f291672080021896543776f4170fc5c454/ruff-0.15.10-py3-none-manylinux_2_31_riscv64.whl", hash = "sha256:e59c9bdc056a320fb9ea1700a8d591718b8faf78af065484e801258d3a76bc3f", size = 11288416, upload-time = "2026-04-09T14:05:44.695Z" },
    { url = "https://files.pythonhosted.org/packages/68/cf/9438b1a27426ec46a80e0a718093c7f958ef72f43eb3111862949ead3cc1/ruff-0.15.10-py3-none-musllinux_1_2_aarch64.whl", hash = "sha256:136c00ca2f47b0018b073f28cb5c1506642a830ea941a60354b0e8bc8076b151", size = 10621053, upload-time = "2026-04-09T14:05:52.782Z" },
    { url = "https://files.pythonhosted.org/packages/4c/50/e29be6e2c135e9cd4cb15fbade49d6a2717e009dff3766dd080fcb82e251/ruff-0.15.10-py3-none-musllinux_1_2_armv7l.whl", hash = "sha256:8b80a2f3c9c8a950d6237f2ca12b206bccff626139be9fa005f14feb881a1ae8", size = 10378302, upload-time = "2026-04-09T14:06:14.361Z" },
    { url = "https://files.pythonhosted.org/packages/18/2f/e0b36a6f99c51bb89f3a30239bc7bf97e87a37ae80aa2d6542d6e5150364/ruff-0.15.10-py3-none-musllinux_1_2_i686.whl", hash = "sha256:e3e53c588164dc025b671c9df2462429d60357ea91af7e92e9d56c565a9f1b07", size = 10850074, upload-time = "2026-04-09T14:06:16.581Z" },
    { url = "https://files.pythonhosted.org/packages/11/08/874da392558ce087a0f9b709dc6ec0d60cbc694c1c772dab8d5f31efe8cb/ruff-0.15.10-py3-none-musllinux_1_2_x86_64.whl", hash = "sha256:b0c52744cf9f143a393e284125d2576140b68264a93c6716464e129a3e9adb48", size = 11358051, upload-time = "2026-04-09T14:06:18.948Z" },
    { url = "https://files.pythonhosted.org/packages/e4/46/602938f030adfa043e67112b73821024dc79f3ab4df5474c25fa4c1d2d14/ruff-0.15.10-py3-none-win32.whl", hash = "sha256:d4272e87e801e9a27a2e8df7b21011c909d9ddd82f4f3281d269b6ba19789ca5", size = 10588964, upload-time = "2026-04-09T14:06:07.14Z" },
    { url = "https://files.pythonhosted.org/packages/25/b6/261225b875d7a13b33a6d02508c39c28450b2041bb01d0f7f1a83d569512/ruff-0.15.10-py3-none-win_amd64.whl", hash = "sha256:28cb32d53203242d403d819fd6983152489b12e4a3ae44993543d6fe62ab42ed", size = 11745044, upload-time = "2026-04-09T14:05:39.473Z" },
    { url = "https://files.pythonhosted.org/packages/58/ed/dea90a65b7d9e69888890fb14c90d7f51bf0c1e82ad800aeb0160e4bacfd/ruff-0.15.10-py3-none-win_arm64.whl", hash = "sha256:601d1610a9e1f1c2165a4f561eeaa2e2ea1e97f3287c5aa258d3dab8b57c6188", size = 11035607, upload-time = "2026-04-09T14:05:47.593Z" },
]

[[package]]
name = "wcwidth"
version = "0.6.0"
source = { registry = "https://pypi.org/simple" }
sdist = { url = "https://files.pythonhosted.org/packages/35/a2/8e3becb46433538a38726c948d3399905a4c7cabd0df578ede5dc51f0ec2/wcwidth-0.6.0.tar.gz", hash = "sha256:cdc4e4262d6ef9a1a57e018384cbeb1208d8abbc64176027e2c2455c81313159", size = 159684, upload-time = "2026-02-06T19:19:40.919Z" }
wheels = [
    { url = "https://files.pythonhosted.org/packages/68/5a/199c59e0a824a3db2b89c5d2dade7ab5f9624dbf6448dc291b46d5ec94d3/wcwidth-0.6.0-py3-none-any.whl", hash = "sha256:1a3a1e510b553315f8e146c54764f4fb6264ffad731b3d78088cdb1478ffbdad", size = 94189, upload-time = "2026-02-06T19:19:39.646Z" },
]
